
Microsoft Visual Studio Solution File, Format Version 12.00
# Visual Studio Version 17
VisualStudioVersion = 17.13.35723.152 d17.13
MinimumVisualStudioVersion = 10.0.40219.1
Project("{FAE04EC0-301F-11D3-BF4B-00C04F79EFBC}") = "Microsoft.Examples.WeatherForecast.Api", "Microsoft.Examples.WeatherForecast.Api\Microsoft.Examples.WeatherForecast.Api.csproj", "{C2C8E1C9-EEC1-41C8-B4AF-2E9B0C083CB0}"
EndProject
Global
	GlobalSection(SolutionConfigurationPlatforms) = preSolution
		Debug|Any CPU = Debug|Any CPU
		Release|Any CPU = Release|Any CPU
	EndGlobalSection
	GlobalSection(ProjectConfigurationPlatforms) = postSolution
		{C2C8E1C9-EEC1-41C8-B4AF-2E9B0C083CB0}.Debug|Any CPU.ActiveCfg = Debug|Any CPU
		{C2C8E1C9-EEC1-41C8-B4AF-2E9B0C083CB0}.Debug|Any CPU.Build.0 = Debug|Any CPU
		{C2C8E1C9-EEC1-41C8-B4AF-2E9B0C083CB0}.Release|Any CPU.ActiveCfg = Release|Any CPU
		{C2C8E1C9-EEC1-41C8-B4AF-2E9B0C083CB0}.Release|Any CPU.Build.0 = Release|Any CPU
	EndGlobalSection
	GlobalSection(SolutionProperties) = preSolution
		HideSolutionNode = FALSE
	EndGlobalSection
	GlobalSection(ExtensibilityGlobals) = postSolution
		SolutionGuid = {12709341-F516-4457-A5C7-F035BB660883}
	EndGlobalSection
EndGlobal
